// !$*UTF8*$!
{
	archiveVersion = 1;
	classes = {
	};
	objectVersion = 46;
	objects = {

/* Begin PBXBuildFile section */
		13008FDF170A8D830045C05A /* UIView+FrameSettingAdditions.m in Sources */ = {isa = PBXBuildFile; fileRef = E654DB35170A3C8C00584411 /* UIView+FrameSettingAdditions.m */; };
		13008FE5170A8E560045C05A /* TASeatingChartViewController.m in Sources */ = {isa = PBXBuildFile; fileRef = E6064D1D16F244A300BCF71B /* TASeatingChartViewController.m */; };
		13008FE6170A8E5B0045C05A /* TANavigationController.m in Sources */ = {isa = PBXBuildFile; fileRef = 135F59BA17029FB600734373 /* TANavigationController.m */; };
		13008FE7170A8E610045C05A /* TAAssignSeatsViewController.m in Sources */ = {isa = PBXBuildFile; fileRef = 9FB48F33170A420100E73D14 /* TAAssignSeatsViewController.m */; };
		13008FE8170A8E8C0045C05A /* TASeatingChartView.m in Sources */ = {isa = PBXBuildFile; fileRef = E6064D1416F2445D00BCF71B /* TASeatingChartView.m */; };
		13008FE9170A8E8E0045C05A /* TASeatView.m in Sources */ = {isa = PBXBuildFile; fileRef = E6064D2116F2AA7F00BCF71B /* TASeatView.m */; };
		13008FEE170A90EB0045C05A /* TASeatingChartViewTest.m in Sources */ = {isa = PBXBuildFile; fileRef = 13008FED170A90EB0045C05A /* TASeatingChartViewTest.m */; };
		13008FF4170A973B0045C05A /* seat.jpg in Resources */ = {isa = PBXBuildFile; fileRef = E654DB41170A5C3200584411 /* seat.jpg */; };
		13008FF7170A98C80045C05A /* TAStudentDisplayCellTest.m in Sources */ = {isa = PBXBuildFile; fileRef = 13008FF6170A98C80045C05A /* TAStudentDisplayCellTest.m */; };
		130741C016EEC8A300465D86 /* TAAttendanceHistoryViewController.m in Sources */ = {isa = PBXBuildFile; fileRef = 9FE67B5D16EE756500F98DCE /* TAAttendanceHistoryViewController.m */; };
		130741C616EEC8A600465D86 /* TAAttendanceRecordEditViewController.m in Sources */ = {isa = PBXBuildFile; fileRef = E6BCE00E16EE78E100C7B904 /* TAAttendanceRecordEditViewController.m */; };
		130741C916EEC98C00465D86 /* TAAttendanceHistoryViewTest.m in Sources */ = {isa = PBXBuildFile; fileRef = 130741C816EEC98C00465D86 /* TAAttendanceHistoryViewTest.m */; };
		130741D416EED32E00465D86 /* TASectionEditViewTest.m in Sources */ = {isa = PBXBuildFile; fileRef = 130741D316EED32E00465D86 /* TASectionEditViewTest.m */; };
		130741DC16EED47A00465D86 /* TAAttendanceRecordEditViewTest.m in Sources */ = {isa = PBXBuildFile; fileRef = 130741DB16EED47A00465D86 /* TAAttendanceRecordEditViewTest.m */; };
		130741DF16EED6C800465D86 /* TAStudentDetailCellTest.m in Sources */ = {isa = PBXBuildFile; fileRef = 130741DE16EED6C800465D86 /* TAStudentDetailCellTest.m */; };
		1316C2FB16D9E38900D282B1 /* TAStudentEditViewTest.m in Sources */ = {isa = PBXBuildFile; fileRef = 1316C2FA16D9E38900D282B1 /* TAStudentEditViewTest.m */; };
		1324064917178CFB00F247C0 /* MessageUI.framework in Frameworks */ = {isa = PBXBuildFile; fileRef = 1324064817178CFB00F247C0 /* MessageUI.framework */; };
		13345E5816B7736100DD4FF2 /* UIKit.framework in Frameworks */ = {isa = PBXBuildFile; fileRef = 13345E5716B7736100DD4FF2 /* UIKit.framework */; };
		13345E5A16B7736100DD4FF2 /* Foundation.framework in Frameworks */ = {isa = PBXBuildFile; fileRef = 13345E5916B7736100DD4FF2 /* Foundation.framework */; };
		13345E5C16B7736100DD4FF2 /* CoreGraphics.framework in Frameworks */ = {isa = PBXBuildFile; fileRef = 13345E5B16B7736100DD4FF2 /* CoreGraphics.framework */; };
		13345E6216B7736100DD4FF2 /* InfoPlist.strings in Resources */ = {isa = PBXBuildFile; fileRef = 13345E6016B7736100DD4FF2 /* InfoPlist.strings */; };
		13345E6416B7736100DD4FF2 /* main.m in Sources */ = {isa = PBXBuildFile; fileRef = 13345E6316B7736100DD4FF2 /* main.m */; };
		13345E6816B7736100DD4FF2 /* TAAppDelegate.m in Sources */ = {isa = PBXBuildFile; fileRef = 13345E6716B7736100DD4FF2 /* TAAppDelegate.m */; };
		13345E6A16B7736100DD4FF2 /* Default.png in Resources */ = {isa = PBXBuildFile; fileRef = 13345E6916B7736100DD4FF2 /* Default.png */; };
		13345E6C16B7736100DD4FF2 /* Default@2x.png in Resources */ = {isa = PBXBuildFile; fileRef = 13345E6B16B7736100DD4FF2 /* Default@2x.png */; };
		13345E6E16B7736100DD4FF2 /* Default-568h@2x.png in Resources */ = {isa = PBXBuildFile; fileRef = 13345E6D16B7736100DD4FF2 /* Default-568h@2x.png */; };
		133AE68716E54F97008385C2 /* TASectionViewController.m in Sources */ = {isa = PBXBuildFile; fileRef = 133AE68616E54F97008385C2 /* TASectionViewController.m */; };
		133AE69116E561AB008385C2 /* TASectionViewController.m in Sources */ = {isa = PBXBuildFile; fileRef = 133AE68616E54F97008385C2 /* TASectionViewController.m */; };
		1341D74717109AEC007B2D1D /* CHCSVParser.m in Sources */ = {isa = PBXBuildFile; fileRef = 1341D74617109AEC007B2D1D /* CHCSVParser.m */; };
		1341D74817109AEC007B2D1D /* CHCSVParser.m in Sources */ = {isa = PBXBuildFile; fileRef = 1341D74617109AEC007B2D1D /* CHCSVParser.m */; };
		1346A2FF170D208D0016943A /* NSManagedObject+JSON.m in Sources */ = {isa = PBXBuildFile; fileRef = 1346A2FE170D208D0016943A /* NSManagedObject+JSON.m */; };
		134A855016E98AEB0078E521 /* TAStudentDetailCell.m in Sources */ = {isa = PBXBuildFile; fileRef = E653A91516E96FD30062C7CB /* TAStudentDetailCell.m */; };
		134A855816E98D610078E521 /* TASectionsViewTest.m in Sources */ = {isa = PBXBuildFile; fileRef = 134A855716E98D610078E521 /* TASectionsViewTest.m */; };
		134A856416E994510078E521 /* TASectionEditViewController.m in Sources */ = {isa = PBXBuildFile; fileRef = 9FBF84F016E7F973000077D5 /* TASectionEditViewController.m */; };
		135116E216CDC24000D7376E /* libQuickDialog.a in Frameworks */ = {isa = PBXBuildFile; fileRef = 135116DF16CDC11E00D7376E /* libQuickDialog.a */; };
		135116E416CDC36400D7376E /* CoreLocation.framework in Frameworks */ = {isa = PBXBuildFile; fileRef = 135116E316CDC36400D7376E /* CoreLocation.framework */; };
		135116E616CDC38A00D7376E /* MapKit.framework in Frameworks */ = {isa = PBXBuildFile; fileRef = 135116E516CDC38A00D7376E /* MapKit.framework */; };
		135F11F716D7124F009C310A /* UIKit.framework in Frameworks */ = {isa = PBXBuildFile; fileRef = 13345E5716B7736100DD4FF2 /* UIKit.framework */; };
		135F11F816D7124F009C310A /* Foundation.framework in Frameworks */ = {isa = PBXBuildFile; fileRef = 13345E5916B7736100DD4FF2 /* Foundation.framework */; };
		135F11F916D7124F009C310A /* CoreGraphics.framework in Frameworks */ = {isa = PBXBuildFile; fileRef = 13345E5B16B7736100DD4FF2 /* CoreGraphics.framework */; };
		135F11FF16D7124F009C310A /* InfoPlist.strings in Resources */ = {isa = PBXBuildFile; fileRef = 135F11FD16D7124F009C310A /* InfoPlist.strings */; };
		135F120116D7124F009C310A /* main.m in Sources */ = {isa = PBXBuildFile; fileRef = 135F120016D7124F009C310A /* main.m */; };
		135F121516D712DB009C310A /* GHUnitIOS.framework in Frameworks */ = {isa = PBXBuildFile; fileRef = 135F121416D712DB009C310A /* GHUnitIOS.framework */; };
		135F121716D7137C009C310A /* QuartzCore.framework in Frameworks */ = {isa = PBXBuildFile; fileRef = 135F121616D7137C009C310A /* QuartzCore.framework */; };
		135F122616D7212B009C310A /* MapKit.framework in Frameworks */ = {isa = PBXBuildFile; fileRef = 135116E516CDC38A00D7376E /* MapKit.framework */; };
		135F122716D72131009C310A /* CoreLocation.framework in Frameworks */ = {isa = PBXBuildFile; fileRef = 135116E316CDC36400D7376E /* CoreLocation.framework */; };
		135F122E16D72BB0009C310A /* TAWelcomeViewController.m in Sources */ = {isa = PBXBuildFile; fileRef = 4044C2F416D2B36C00130AD6 /* TAWelcomeViewController.m */; };
		135F122F16D72BC0009C310A /* TAStudentsViewController.m in Sources */ = {isa = PBXBuildFile; fileRef = E6ECA87C16BB566A00F103D3 /* TAStudentsViewController.m */; };
		135F123016D72C12009C310A /* UIViewController+CoreDataAdditions.m in Sources */ = {isa = PBXBuildFile; fileRef = E6ECA88A16BB5A3600F103D3 /* UIViewController+CoreDataAdditions.m */; };
		135F123116D72C18009C310A /* TAStudentEditViewController.m in Sources */ = {isa = PBXBuildFile; fileRef = E6804DF716CDCD3F000E2007 /* TAStudentEditViewController.m */; };
		135F123216D72D07009C310A /* AttendanceRecord.m in Sources */ = {isa = PBXBuildFile; fileRef = E6E9EFCC16C059A7001D122E /* AttendanceRecord.m */; };
		135F123416D72D0D009C310A /* StudentAttendance.m in Sources */ = {isa = PBXBuildFile; fileRef = E6E9EFD816C059EB001D122E /* StudentAttendance.m */; };
		135F123916D72D56009C310A /* CoreData.framework in Frameworks */ = {isa = PBXBuildFile; fileRef = E6ECA87016BB4CFF00F103D3 /* CoreData.framework */; };
		135F124116D740F5009C310A /* libQuickDialog.a in Frameworks */ = {isa = PBXBuildFile; fileRef = 135116DF16CDC11E00D7376E /* libQuickDialog.a */; };
		135F124316D74131009C310A /* Seat.m in Sources */ = {isa = PBXBuildFile; fileRef = E6E9EFD216C059CD001D122E /* Seat.m */; };
		135F124416D74139009C310A /* Student.m in Sources */ = {isa = PBXBuildFile; fileRef = E6E9EFDB16C05BAE001D122E /* Student.m */; };
		135F124616D7413E009C310A /* Room.m in Sources */ = {isa = PBXBuildFile; fileRef = E6EC1E5616C05EDB007E8FCF /* Room.m */; };
		135F124716D74151009C310A /* Section.m in Sources */ = {isa = PBXBuildFile; fileRef = E6EC1E5316C05EB3007E8FCF /* Section.m */; };
		135F124A16D74286009C310A /* TAWelcomeViewTest.m in Sources */ = {isa = PBXBuildFile; fileRef = 135F124916D74286009C310A /* TAWelcomeViewTest.m */; };
		135F59BB17029FB600734373 /* TANavigationController.m in Sources */ = {isa = PBXBuildFile; fileRef = 135F59BA17029FB600734373 /* TANavigationController.m */; };
		13A30EAE16CEEF5D00AE03E5 /* libJTRevealSidebar.a in Frameworks */ = {isa = PBXBuildFile; fileRef = 13A30E9F16CEEF4B00AE03E5 /* libJTRevealSidebar.a */; };
		13A30EAF16CEEF5D00AE03E5 /* libJTRevealSidebarV2.a in Frameworks */ = {isa = PBXBuildFile; fileRef = 13A30EA116CEEF4B00AE03E5 /* libJTRevealSidebarV2.a */; };
		13A44DE016DB244E0084D827 /* StudentTest.m in Sources */ = {isa = PBXBuildFile; fileRef = 13A44DDF16DB244E0084D827 /* StudentTest.m */; };
		13A44DE116DB2E0A0084D827 /* MobileTA.xcdatamodeld in Sources */ = {isa = PBXBuildFile; fileRef = E6ECA87416BB4DC000F103D3 /* MobileTA.xcdatamodeld */; };
		13A44DE416DB33650084D827 /* TATestUtils.m in Sources */ = {isa = PBXBuildFile; fileRef = 13A44DE316DB33650084D827 /* TATestUtils.m */; };
		13A44DE716DB35870084D827 /* TAStudentsViewTest.m in Sources */ = {isa = PBXBuildFile; fileRef = 13A44DE616DB35870084D827 /* TAStudentsViewTest.m */; };
		13BA038E16D4B8AD0004C698 /* blackboard.jpg in Resources */ = {isa = PBXBuildFile; fileRef = 13BA038C16D4B8AD0004C698 /* blackboard.jpg */; };
		13BA038F16D4B8AD0004C698 /* logo.png in Resources */ = {isa = PBXBuildFile; fileRef = 13BA038D16D4B8AD0004C698 /* logo.png */; };
		13E344F617135F0300ECF8AB /* icon-ipad.png in Resources */ = {isa = PBXBuildFile; fileRef = 13E344F217135F0300ECF8AB /* icon-ipad.png */; };
		13E344F717135F0300ECF8AB /* icon-ipad@2x.png in Resources */ = {isa = PBXBuildFile; fileRef = 13E344F317135F0300ECF8AB /* icon-ipad@2x.png */; };
		13F2871E17114DD800562D5A /* TAStudentsAttendanceViewController.m in Sources */ = {isa = PBXBuildFile; fileRef = 13F2871D17114DD800562D5A /* TAStudentsAttendanceViewController.m */; };
		13F287281711716500562D5A /* TAStudentsAttendanceViewController.m in Sources */ = {isa = PBXBuildFile; fileRef = 13F2871D17114DD800562D5A /* TAStudentsAttendanceViewController.m */; };
		13F9F7DE170D4BC900689C16 /* NSManagedObject+JSON.m in Sources */ = {isa = PBXBuildFile; fileRef = 1346A2FE170D208D0016943A /* NSManagedObject+JSON.m */; };
		13FFBD5E16E96FEB001BB929 /* roster.csv in Resources */ = {isa = PBXBuildFile; fileRef = 13FFBD5D16E96FEB001BB929 /* roster.csv */; };
		13FFBD6316E975C4001BB929 /* roster.csv in Resources */ = {isa = PBXBuildFile; fileRef = 13FFBD5D16E96FEB001BB929 /* roster.csv */; };
		400FDFF61713851B0072CFDD /* Default-Portrait~ipad.png in Resources */ = {isa = PBXBuildFile; fileRef = 400FDFF51713851B0072CFDD /* Default-Portrait~ipad.png */; };
		400FDFF81713856C0072CFDD /* Default-Portrait@2x~ipad.png in Resources */ = {isa = PBXBuildFile; fileRef = 400FDFF71713856C0072CFDD /* Default-Portrait@2x~ipad.png */; };
		400FDFFA171385BD0072CFDD /* Default-Landscape~ipad.png in Resources */ = {isa = PBXBuildFile; fileRef = 400FDFF9171385BD0072CFDD /* Default-Landscape~ipad.png */; };
		400FDFFC171385DE0072CFDD /* Default-Landscape@2x~ipad.png in Resources */ = {isa = PBXBuildFile; fileRef = 400FDFFB171385DE0072CFDD /* Default-Landscape@2x~ipad.png */; };
		4044C2F516D2B36C00130AD6 /* TAWelcomeViewController.m in Sources */ = {isa = PBXBuildFile; fileRef = 4044C2F416D2B36C00130AD6 /* TAWelcomeViewController.m */; };
		408E549F16EEAC0F00DB4F96 /* TAStudentDisplayCell.m in Sources */ = {isa = PBXBuildFile; fileRef = 408E549E16EEAC0F00DB4F96 /* TAStudentDisplayCell.m */; };
		408E54A016EEAC0F00DB4F96 /* TAStudentDisplayCell.m in Sources */ = {isa = PBXBuildFile; fileRef = 408E549E16EEAC0F00DB4F96 /* TAStudentDisplayCell.m */; };
		9F4070C116DC06F500CDC59F /* blackboard.jpg in Resources */ = {isa = PBXBuildFile; fileRef = 13BA038C16D4B8AD0004C698 /* blackboard.jpg */; };
		9F4070C716DC06F800CDC59F /* logo.png in Resources */ = {isa = PBXBuildFile; fileRef = 13BA038D16D4B8AD0004C698 /* logo.png */; };
		9FB48F34170A420200E73D14 /* TAAssignSeatsViewController.m in Sources */ = {isa = PBXBuildFile; fileRef = 9FB48F33170A420100E73D14 /* TAAssignSeatsViewController.m */; };
		9FBF84F116E7F973000077D5 /* TASectionEditViewController.m in Sources */ = {isa = PBXBuildFile; fileRef = 9FBF84F016E7F973000077D5 /* TASectionEditViewController.m */; };
		9FC025B216E0471F00C1CBA6 /* TASectionsViewController.m in Sources */ = {isa = PBXBuildFile; fileRef = E63B8EB916DC2812007F3FE9 /* TASectionsViewController.m */; };
		9FE67B5E16EE756500F98DCE /* TAAttendanceHistoryViewController.m in Sources */ = {isa = PBXBuildFile; fileRef = 9FE67B5D16EE756500F98DCE /* TAAttendanceHistoryViewController.m */; };
		E6064D1616F2445D00BCF71B /* TASeatingChartView.m in Sources */ = {isa = PBXBuildFile; fileRef = E6064D1416F2445D00BCF71B /* TASeatingChartView.m */; };
		E6064D1F16F244A300BCF71B /* TASeatingChartViewController.m in Sources */ = {isa = PBXBuildFile; fileRef = E6064D1D16F244A300BCF71B /* TASeatingChartViewController.m */; };
		E6064D2316F2AA7F00BCF71B /* TASeatView.m in Sources */ = {isa = PBXBuildFile; fileRef = E6064D2116F2AA7F00BCF71B /* TASeatView.m */; };
		E6298DBF17010F5700862316 /* QuartzCore.framework in Frameworks */ = {isa = PBXBuildFile; fileRef = 135F121616D7137C009C310A /* QuartzCore.framework */; };
		E63B8EBA16DC2812007F3FE9 /* TASectionsViewController.m in Sources */ = {isa = PBXBuildFile; fileRef = E63B8EB916DC2812007F3FE9 /* TASectionsViewController.m */; };
		E653A91616E96FD30062C7CB /* TAStudentDetailCell.m in Sources */ = {isa = PBXBuildFile; fileRef = E653A91516E96FD30062C7CB /* TAStudentDetailCell.m */; };
		E654DB33170A37CE00584411 /* delete_button.png in Resources */ = {isa = PBXBuildFile; fileRef = E654DB32170A37CE00584411 /* delete_button.png */; };
		E654DB37170A3C8C00584411 /* UIView+FrameSettingAdditions.m in Sources */ = {isa = PBXBuildFile; fileRef = E654DB35170A3C8C00584411 /* UIView+FrameSettingAdditions.m */; };
		E654DB42170A5C3200584411 /* seat.jpg in Resources */ = {isa = PBXBuildFile; fileRef = E654DB41170A5C3200584411 /* seat.jpg */; };
		E6804DF816CDCD3F000E2007 /* TAStudentEditViewController.m in Sources */ = {isa = PBXBuildFile; fileRef = E6804DF716CDCD3F000E2007 /* TAStudentEditViewController.m */; };
		E6BCE01016EE78E100C7B904 /* TAAttendanceRecordEditViewController.m in Sources */ = {isa = PBXBuildFile; fileRef = E6BCE00E16EE78E100C7B904 /* TAAttendanceRecordEditViewController.m */; };
		E6E9EFCD16C059A7001D122E /* AttendanceRecord.m in Sources */ = {isa = PBXBuildFile; fileRef = E6E9EFCC16C059A7001D122E /* AttendanceRecord.m */; };
		E6E9EFD316C059CD001D122E /* Seat.m in Sources */ = {isa = PBXBuildFile; fileRef = E6E9EFD216C059CD001D122E /* Seat.m */; };
		E6E9EFD916C059EB001D122E /* StudentAttendance.m in Sources */ = {isa = PBXBuildFile; fileRef = E6E9EFD816C059EB001D122E /* StudentAttendance.m */; };
		E6E9EFDC16C05BAE001D122E /* Student.m in Sources */ = {isa = PBXBuildFile; fileRef = E6E9EFDB16C05BAE001D122E /* Student.m */; };
		E6EC1E5416C05EB3007E8FCF /* Section.m in Sources */ = {isa = PBXBuildFile; fileRef = E6EC1E5316C05EB3007E8FCF /* Section.m */; };
		E6EC1E5716C05EDB007E8FCF /* Room.m in Sources */ = {isa = PBXBuildFile; fileRef = E6EC1E5616C05EDB007E8FCF /* Room.m */; };
		E6ECA87216BB4D1900F103D3 /* CoreData.framework in Frameworks */ = {isa = PBXBuildFile; fileRef = E6ECA87016BB4CFF00F103D3 /* CoreData.framework */; };
		E6ECA87616BB4DC000F103D3 /* MobileTA.xcdatamodeld in Sources */ = {isa = PBXBuildFile; fileRef = E6ECA87416BB4DC000F103D3 /* MobileTA.xcdatamodeld */; };
		E6ECA87E16BB566A00F103D3 /* TAStudentsViewController.m in Sources */ = {isa = PBXBuildFile; fileRef = E6ECA87C16BB566A00F103D3 /* TAStudentsViewController.m */; };
		E6ECA88C16BB5A3600F103D3 /* UIViewController+CoreDataAdditions.m in Sources */ = {isa = PBXBuildFile; fileRef = E6ECA88A16BB5A3600F103D3 /* UIViewController+CoreDataAdditions.m */; };
		E6F1A53F171375A200DD781D /* TASeatingChartAttendanceViewController.m in Sources */ = {isa = PBXBuildFile; fileRef = E6F1A53E171375A200DD781D /* TASeatingChartAttendanceViewController.m */; };
/* End PBXBuildFile section */

/* Begin PBXContainerItemProxy section */
		135116DC16CDC11E00D7376E /* PBXContainerItemProxy */ = {
			isa = PBXContainerItemProxy;
			containerPortal = 135116D716CDC11E00D7376E /* QuickDialog.xcodeproj */;
			proxyType = 2;
			remoteGlobalIDString = D80B0E3313E052DF00FA85CA;
			remoteInfo = QuickDialogExample;
		};
		135116DE16CDC11E00D7376E /* PBXContainerItemProxy */ = {
			isa = PBXContainerItemProxy;
			containerPortal = 135116D716CDC11E00D7376E /* QuickDialog.xcodeproj */;
			proxyType = 2;
			remoteGlobalIDString = 2C542393145ADEBD0026A152;
			remoteInfo = QuickDialog;
		};
		135116E016CDC22700D7376E /* PBXContainerItemProxy */ = {
			isa = PBXContainerItemProxy;
			containerPortal = 135116D716CDC11E00D7376E /* QuickDialog.xcodeproj */;
			proxyType = 1;
			remoteGlobalIDString = 2C542392145ADEBD0026A152;
			remoteInfo = QuickDialog;
		};
		135F122316D72111009C310A /* PBXContainerItemProxy */ = {
			isa = PBXContainerItemProxy;
			containerPortal = 135116D716CDC11E00D7376E /* QuickDialog.xcodeproj */;
			proxyType = 1;
			remoteGlobalIDString = 2C542392145ADEBD0026A152;
			remoteInfo = QuickDialog;
		};
		13A30E9E16CEEF4B00AE03E5 /* PBXContainerItemProxy */ = {
			isa = PBXContainerItemProxy;
			containerPortal = 13A30E9516CEEF4B00AE03E5 /* JTRevealSidebarDemo.xcodeproj */;
			proxyType = 2;
			remoteGlobalIDString = 37E67F37159109C500043822;
			remoteInfo = JTRevealSidebar;
		};
		13A30EA016CEEF4B00AE03E5 /* PBXContainerItemProxy */ = {
			isa = PBXContainerItemProxy;
			containerPortal = 13A30E9516CEEF4B00AE03E5 /* JTRevealSidebarDemo.xcodeproj */;
			proxyType = 2;
			remoteGlobalIDString = 37E67F201591080200043822;
			remoteInfo = JTRevealSidebarV2;
		};
		13A30EA216CEEF4B00AE03E5 /* PBXContainerItemProxy */ = {
			isa = PBXContainerItemProxy;
			containerPortal = 13A30E9516CEEF4B00AE03E5 /* JTRevealSidebarDemo.xcodeproj */;
			proxyType = 2;
			remoteGlobalIDString = 1AD4708114446391002EE1B0;
			remoteInfo = JTRevealSidebarDemo;
		};
		13A30EA416CEEF4B00AE03E5 /* PBXContainerItemProxy */ = {
			isa = PBXContainerItemProxy;
			containerPortal = 13A30E9516CEEF4B00AE03E5 /* JTRevealSidebarDemo.xcodeproj */;
			proxyType = 2;
			remoteGlobalIDString = 1AD470A514446392002EE1B0;
			remoteInfo = JTRevealSidebarDemoTests;
		};
		13A30EA616CEEF4B00AE03E5 /* PBXContainerItemProxy */ = {
			isa = PBXContainerItemProxy;
			containerPortal = 13A30E9516CEEF4B00AE03E5 /* JTRevealSidebarDemo.xcodeproj */;
			proxyType = 2;
			remoteGlobalIDString = 1A617E8B148FC4A6005EC465;
			remoteInfo = JTRevealSidebarDemoV2;
		};
		13A30EA816CEEF4B00AE03E5 /* PBXContainerItemProxy */ = {
			isa = PBXContainerItemProxy;
			containerPortal = 13A30E9516CEEF4B00AE03E5 /* JTRevealSidebarDemo.xcodeproj */;
			proxyType = 2;
			remoteGlobalIDString = 1A617EA1148FC4A7005EC465;
			remoteInfo = JTRevealSidebarDemoV2Tests;
		};
		13A30EAA16CEEF5600AE03E5 /* PBXContainerItemProxy */ = {
			isa = PBXContainerItemProxy;
			containerPortal = 13A30E9516CEEF4B00AE03E5 /* JTRevealSidebarDemo.xcodeproj */;
			proxyType = 1;
			remoteGlobalIDString = 37E67F36159109C500043822;
			remoteInfo = JTRevealSidebar;
		};
		13A30EAC16CEEF5600AE03E5 /* PBXContainerItemProxy */ = {
			isa = PBXContainerItemProxy;
			containerPortal = 13A30E9516CEEF4B00AE03E5 /* JTRevealSidebarDemo.xcodeproj */;
			proxyType = 1;
			remoteGlobalIDString = 37E67F1F1591080200043822;
			remoteInfo = JTRevealSidebarV2;
		};
/* End PBXContainerItemProxy section */

/* Begin PBXFileReference section */
		13008FED170A90EB0045C05A /* TASeatingChartViewTest.m */ = {isa = PBXFileReference; fileEncoding = 4; lastKnownFileType = sourcecode.c.objc; name = TASeatingChartViewTest.m; path = Views/TASeatingChartViewTest.m; sourceTree = "<group>"; };
		13008FF6170A98C80045C05A /* TAStudentDisplayCellTest.m */ = {isa = PBXFileReference; fileEncoding = 4; lastKnownFileType = sourcecode.c.objc; name = TAStudentDisplayCellTest.m; path = Views/TAStudentDisplayCellTest.m; sourceTree = "<group>"; };
		130741C816EEC98C00465D86 /* TAAttendanceHistoryViewTest.m */ = {isa = PBXFileReference; fileEncoding = 4; lastKnownFileType = sourcecode.c.objc; name = TAAttendanceHistoryViewTest.m; path = Views/TAAttendanceHistoryViewTest.m; sourceTree = "<group>"; };
		130741D316EED32E00465D86 /* TASectionEditViewTest.m */ = {isa = PBXFileReference; fileEncoding = 4; lastKnownFileType = sourcecode.c.objc; path = TASectionEditViewTest.m; sourceTree = "<group>"; };
		130741DB16EED47A00465D86 /* TAAttendanceRecordEditViewTest.m */ = {isa = PBXFileReference; fileEncoding = 4; lastKnownFileType = sourcecode.c.objc; path = TAAttendanceRecordEditViewTest.m; sourceTree = "<group>"; };
		130741DE16EED6C800465D86 /* TAStudentDetailCellTest.m */ = {isa = PBXFileReference; fileEncoding = 4; lastKnownFileType = sourcecode.c.objc; path = TAStudentDetailCellTest.m; sourceTree = "<group>"; };
		1316C2FA16D9E38900D282B1 /* TAStudentEditViewTest.m */ = {isa = PBXFileReference; fileEncoding = 4; lastKnownFileType = sourcecode.c.objc; name = TAStudentEditViewTest.m; path = Views/TAStudentEditViewTest.m; sourceTree = "<group>"; };
		1324064817178CFB00F247C0 /* MessageUI.framework */ = {isa = PBXFileReference; lastKnownFileType = wrapper.framework; name = MessageUI.framework; path = System/Library/Frameworks/MessageUI.framework; sourceTree = SDKROOT; };
		13345E5316B7736100DD4FF2 /* MobileTA.app */ = {isa = PBXFileReference; explicitFileType = wrapper.application; includeInIndex = 0; path = MobileTA.app; sourceTree = BUILT_PRODUCTS_DIR; };
		13345E5716B7736100DD4FF2 /* UIKit.framework */ = {isa = PBXFileReference; lastKnownFileType = wrapper.framework; name = UIKit.framework; path = System/Library/Frameworks/UIKit.framework; sourceTree = SDKROOT; };
		13345E5916B7736100DD4FF2 /* Foundation.framework */ = {isa = PBXFileReference; lastKnownFileType = wrapper.framework; name = Foundation.framework; path = System/Library/Frameworks/Foundation.framework; sourceTree = SDKROOT; };
		13345E5B16B7736100DD4FF2 /* CoreGraphics.framework */ = {isa = PBXFileReference; lastKnownFileType = wrapper.framework; name = CoreGraphics.framework; path = System/Library/Frameworks/CoreGraphics.framework; sourceTree = SDKROOT; };
		13345E5F16B7736100DD4FF2 /* MobileTA-Info.plist */ = {isa = PBXFileReference; lastKnownFileType = text.plist.xml; path = "MobileTA-Info.plist"; sourceTree = "<group>"; };
		13345E6116B7736100DD4FF2 /* en */ = {isa = PBXFileReference; lastKnownFileType = text.plist.strings; name = en; path = en.lproj/InfoPlist.strings; sourceTree = "<group>"; };
		13345E6316B7736100DD4FF2 /* main.m */ = {isa = PBXFileReference; lastKnownFileType = sourcecode.c.objc; path = main.m; sourceTree = "<group>"; };
		13345E6516B7736100DD4FF2 /* MobileTA-Prefix.pch */ = {isa = PBXFileReference; lastKnownFileType = sourcecode.c.h; path = "MobileTA-Prefix.pch"; sourceTree = "<group>"; };
		13345E6616B7736100DD4FF2 /* TAAppDelegate.h */ = {isa = PBXFileReference; lastKnownFileType = sourcecode.c.h; path = TAAppDelegate.h; sourceTree = "<group>"; };
		13345E6716B7736100DD4FF2 /* TAAppDelegate.m */ = {isa = PBXFileReference; lastKnownFileType = sourcecode.c.objc; path = TAAppDelegate.m; sourceTree = "<group>"; };
		13345E6916B7736100DD4FF2 /* Default.png */ = {isa = PBXFileReference; lastKnownFileType = image.png; path = Default.png; sourceTree = "<group>"; };
		13345E6B16B7736100DD4FF2 /* Default@2x.png */ = {isa = PBXFileReference; lastKnownFileType = image.png; path = "Default@2x.png"; sourceTree = "<group>"; };
		13345E6D16B7736100DD4FF2 /* Default-568h@2x.png */ = {isa = PBXFileReference; lastKnownFileType = image.png; path = "Default-568h@2x.png"; sourceTree = "<group>"; };
		133AE68516E54F97008385C2 /* TASectionViewController.h */ = {isa = PBXFileReference; fileEncoding = 4; lastKnownFileType = sourcecode.c.h; path = TASectionViewController.h; sourceTree = "<group>"; };
		133AE68616E54F97008385C2 /* TASectionViewController.m */ = {isa = PBXFileReference; fileEncoding = 4; lastKnownFileType = sourcecode.c.objc; path = TASectionViewController.m; sourceTree = "<group>"; };
		1341D74517109AEC007B2D1D /* CHCSVParser.h */ = {isa = PBXFileReference; fileEncoding = 4; lastKnownFileType = sourcecode.c.h; name = CHCSVParser.h; path = Libraries/CHCSVParser/CHCSVParser/CHCSVParser.h; sourceTree = "<group>"; };
		1341D74617109AEC007B2D1D /* CHCSVParser.m */ = {isa = PBXFileReference; fileEncoding = 4; lastKnownFileType = sourcecode.c.objc; name = CHCSVParser.m; path = Libraries/CHCSVParser/CHCSVParser/CHCSVParser.m; sourceTree = "<group>"; };
		1346A2FD170D208D0016943A /* NSManagedObject+JSON.h */ = {isa = PBXFileReference; fileEncoding = 4; lastKnownFileType = sourcecode.c.h; path = "NSManagedObject+JSON.h"; sourceTree = "<group>"; };
		1346A2FE170D208D0016943A /* NSManagedObject+JSON.m */ = {isa = PBXFileReference; fileEncoding = 4; lastKnownFileType = sourcecode.c.objc; path = "NSManagedObject+JSON.m"; sourceTree = "<group>"; };
		134A855716E98D610078E521 /* TASectionsViewTest.m */ = {isa = PBXFileReference; fileEncoding = 4; lastKnownFileType = sourcecode.c.objc; name = TASectionsViewTest.m; path = Views/TASectionsViewTest.m; sourceTree = "<group>"; };
		135116D716CDC11E00D7376E /* QuickDialog.xcodeproj */ = {isa = PBXFileReference; lastKnownFileType = "wrapper.pb-project"; name = QuickDialog.xcodeproj; path = Libraries/QuickDialog/QuickDialog.xcodeproj; sourceTree = "<group>"; };
		135116E316CDC36400D7376E /* CoreLocation.framework */ = {isa = PBXFileReference; lastKnownFileType = wrapper.framework; name = CoreLocation.framework; path = System/Library/Frameworks/CoreLocation.framework; sourceTree = SDKROOT; };
		135116E516CDC38A00D7376E /* MapKit.framework */ = {isa = PBXFileReference; lastKnownFileType = wrapper.framework; name = MapKit.framework; path = System/Library/Frameworks/MapKit.framework; sourceTree = SDKROOT; };
		135F11F616D7124F009C310A /* Tests.app */ = {isa = PBXFileReference; explicitFileType = wrapper.application; includeInIndex = 0; path = Tests.app; sourceTree = BUILT_PRODUCTS_DIR; };
		135F11FC16D7124F009C310A /* Tests-Info.plist */ = {isa = PBXFileReference; lastKnownFileType = text.plist.xml; path = "Tests-Info.plist"; sourceTree = "<group>"; };
		135F11FE16D7124F009C310A /* en */ = {isa = PBXFileReference; lastKnownFileType = text.plist.strings; name = en; path = en.lproj/InfoPlist.strings; sourceTree = "<group>"; };
		135F120016D7124F009C310A /* main.m */ = {isa = PBXFileReference; lastKnownFileType = sourcecode.c.objc; path = main.m; sourceTree = "<group>"; };
		135F120216D7124F009C310A /* Tests-Prefix.pch */ = {isa = PBXFileReference; lastKnownFileType = sourcecode.c.h; path = "Tests-Prefix.pch"; sourceTree = "<group>"; };
		135F121416D712DB009C310A /* GHUnitIOS.framework */ = {isa = PBXFileReference; lastKnownFileType = wrapper.framework; name = GHUnitIOS.framework; path = MobileTA/Libraries/GHUnitIOS.framework; sourceTree = "<group>"; };
		135F121616D7137C009C310A /* QuartzCore.framework */ = {isa = PBXFileReference; lastKnownFileType = wrapper.framework; name = QuartzCore.framework; path = System/Library/Frameworks/QuartzCore.framework; sourceTree = SDKROOT; };
		135F124916D74286009C310A /* TAWelcomeViewTest.m */ = {isa = PBXFileReference; fileEncoding = 4; lastKnownFileType = sourcecode.c.objc; name = TAWelcomeViewTest.m; path = Views/TAWelcomeViewTest.m; sourceTree = "<group>"; };
		135F59B917029FB600734373 /* TANavigationController.h */ = {isa = PBXFileReference; fileEncoding = 4; lastKnownFileType = sourcecode.c.h; path = TANavigationController.h; sourceTree = "<group>"; };
		135F59BA17029FB600734373 /* TANavigationController.m */ = {isa = PBXFileReference; fileEncoding = 4; lastKnownFileType = sourcecode.c.objc; path = TANavigationController.m; sourceTree = "<group>"; };
		13A30E9516CEEF4B00AE03E5 /* JTRevealSidebarDemo.xcodeproj */ = {isa = PBXFileReference; lastKnownFileType = "wrapper.pb-project"; name = JTRevealSidebarDemo.xcodeproj; path = Libraries/JTRevealSidebar/JTRevealSidebarDemo.xcodeproj; sourceTree = "<group>"; };
		13A44DDF16DB244E0084D827 /* StudentTest.m */ = {isa = PBXFileReference; fileEncoding = 4; lastKnownFileType = sourcecode.c.objc; name = StudentTest.m; path = Models/StudentTest.m; sourceTree = "<group>"; };
		13A44DE216DB33650084D827 /* TATestUtils.h */ = {isa = PBXFileReference; fileEncoding = 4; lastKnownFileType = sourcecode.c.h; path = TATestUtils.h; sourceTree = "<group>"; };
		13A44DE316DB33650084D827 /* TATestUtils.m */ = {isa = PBXFileReference; fileEncoding = 4; lastKnownFileType = sourcecode.c.objc; path = TATestUtils.m; sourceTree = "<group>"; };
		13A44DE616DB35870084D827 /* TAStudentsViewTest.m */ = {isa = PBXFileReference; fileEncoding = 4; lastKnownFileType = sourcecode.c.objc; name = TAStudentsViewTest.m; path = Views/TAStudentsViewTest.m; sourceTree = "<group>"; };
		13BA038C16D4B8AD0004C698 /* blackboard.jpg */ = {isa = PBXFileReference; lastKnownFileType = image.jpeg; name = blackboard.jpg; path = Images/blackboard.jpg; sourceTree = "<group>"; };
		13BA038D16D4B8AD0004C698 /* logo.png */ = {isa = PBXFileReference; lastKnownFileType = image.png; name = logo.png; path = Images/logo.png; sourceTree = "<group>"; };
		13E344F217135F0300ECF8AB /* icon-ipad.png */ = {isa = PBXFileReference; lastKnownFileType = image.png; name = "icon-ipad.png"; path = "Images/icon-ipad.png"; sourceTree = "<group>"; };
		13E344F317135F0300ECF8AB /* icon-ipad@2x.png */ = {isa = PBXFileReference; lastKnownFileType = image.png; name = "icon-ipad@2x.png"; path = "Images/icon-ipad@2x.png"; sourceTree = "<group>"; };
		13F2871C17114DD800562D5A /* TAStudentsAttendanceViewController.h */ = {isa = PBXFileReference; fileEncoding = 4; lastKnownFileType = sourcecode.c.h; path = TAStudentsAttendanceViewController.h; sourceTree = "<group>"; };
		13F2871D17114DD800562D5A /* TAStudentsAttendanceViewController.m */ = {isa = PBXFileReference; fileEncoding = 4; lastKnownFileType = sourcecode.c.objc; path = TAStudentsAttendanceViewController.m; sourceTree = "<group>"; };
		13FFBD5D16E96FEB001BB929 /* roster.csv */ = {isa = PBXFileReference; fileEncoding = 4; lastKnownFileType = text; name = roster.csv; path = Mocks/roster.csv; sourceTree = "<group>"; };
		400FDFF51713851B0072CFDD /* Default-Portrait~ipad.png */ = {isa = PBXFileReference; lastKnownFileType = image.png; name = "Default-Portrait~ipad.png"; path = "../Default-Portrait~ipad.png"; sourceTree = "<group>"; };
		400FDFF71713856C0072CFDD /* Default-Portrait@2x~ipad.png */ = {isa = PBXFileReference; lastKnownFileType = image.png; name = "Default-Portrait@2x~ipad.png"; path = "../Default-Portrait@2x~ipad.png"; sourceTree = "<group>"; };
		400FDFF9171385BD0072CFDD /* Default-Landscape~ipad.png */ = {isa = PBXFileReference; lastKnownFileType = image.png; name = "Default-Landscape~ipad.png"; path = "../Default-Landscape~ipad.png"; sourceTree = "<group>"; };
		400FDFFB171385DE0072CFDD /* Default-Landscape@2x~ipad.png */ = {isa = PBXFileReference; lastKnownFileType = image.png; name = "Default-Landscape@2x~ipad.png"; path = "../Default-Landscape@2x~ipad.png"; sourceTree = "<group>"; };
		4044C2F316D2B36C00130AD6 /* TAWelcomeViewController.h */ = {isa = PBXFileReference; fileEncoding = 4; lastKnownFileType = sourcecode.c.h; path = TAWelcomeViewController.h; sourceTree = "<group>"; };
		4044C2F416D2B36C00130AD6 /* TAWelcomeViewController.m */ = {isa = PBXFileReference; fileEncoding = 4; lastKnownFileType = sourcecode.c.objc; path = TAWelcomeViewController.m; sourceTree = "<group>"; };
		408E549D16EEAC0F00DB4F96 /* TAStudentDisplayCell.h */ = {isa = PBXFileReference; fileEncoding = 4; lastKnownFileType = sourcecode.c.h; path = TAStudentDisplayCell.h; sourceTree = "<group>"; };
		408E549E16EEAC0F00DB4F96 /* TAStudentDisplayCell.m */ = {isa = PBXFileReference; fileEncoding = 4; lastKnownFileType = sourcecode.c.objc; path = TAStudentDisplayCell.m; sourceTree = "<group>"; };
		9FB48F32170A420100E73D14 /* TAAssignSeatsViewController.h */ = {isa = PBXFileReference; fileEncoding = 4; lastKnownFileType = sourcecode.c.h; path = TAAssignSeatsViewController.h; sourceTree = "<group>"; };
		9FB48F33170A420100E73D14 /* TAAssignSeatsViewController.m */ = {isa = PBXFileReference; fileEncoding = 4; lastKnownFileType = sourcecode.c.objc; path = TAAssignSeatsViewController.m; sourceTree = "<group>"; };
		9FBF84EF16E7F973000077D5 /* TASectionEditViewController.h */ = {isa = PBXFileReference; fileEncoding = 4; lastKnownFileType = sourcecode.c.h; path = TASectionEditViewController.h; sourceTree = "<group>"; };
		9FBF84F016E7F973000077D5 /* TASectionEditViewController.m */ = {isa = PBXFileReference; fileEncoding = 4; lastKnownFileType = sourcecode.c.objc; path = TASectionEditViewController.m; sourceTree = "<group>"; };
		9FE67B5C16EE756500F98DCE /* TAAttendanceHistoryViewController.h */ = {isa = PBXFileReference; fileEncoding = 4; lastKnownFileType = sourcecode.c.h; path = TAAttendanceHistoryViewController.h; sourceTree = "<group>"; };
		9FE67B5D16EE756500F98DCE /* TAAttendanceHistoryViewController.m */ = {isa = PBXFileReference; fileEncoding = 4; lastKnownFileType = sourcecode.c.objc; path = TAAttendanceHistoryViewController.m; sourceTree = "<group>"; };
		E6064D1316F2445D00BCF71B /* TASeatingChartView.h */ = {isa = PBXFileReference; fileEncoding = 4; lastKnownFileType = sourcecode.objj; path = TASeatingChartView.h; sourceTree = "<group>"; };
		E6064D1416F2445D00BCF71B /* TASeatingChartView.m */ = {isa = PBXFileReference; fileEncoding = 4; lastKnownFileType = sourcecode.c.objc; path = TASeatingChartView.m; sourceTree = "<group>"; };
		E6064D1C16F244A300BCF71B /* TASeatingChartViewController.h */ = {isa = PBXFileReference; fileEncoding = 4; lastKnownFileType = sourcecode.objj; path = TASeatingChartViewController.h; sourceTree = "<group>"; };
		E6064D1D16F244A300BCF71B /* TASeatingChartViewController.m */ = {isa = PBXFileReference; fileEncoding = 4; lastKnownFileType = sourcecode.c.objc; path = TASeatingChartViewController.m; sourceTree = "<group>"; };
		E6064D2016F2AA7F00BCF71B /* TASeatView.h */ = {isa = PBXFileReference; fileEncoding = 4; lastKnownFileType = sourcecode.objj; path = TASeatView.h; sourceTree = "<group>"; };
		E6064D2116F2AA7F00BCF71B /* TASeatView.m */ = {isa = PBXFileReference; fileEncoding = 4; lastKnownFileType = sourcecode.c.objc; path = TASeatView.m; sourceTree = "<group>"; };
		E6064D2416F2B04F00BCF71B /* TAGridConstants.h */ = {isa = PBXFileReference; lastKnownFileType = sourcecode.objj; path = TAGridConstants.h; sourceTree = "<group>"; };
		E63B8EB816DC2812007F3FE9 /* TASectionsViewController.h */ = {isa = PBXFileReference; fileEncoding = 4; lastKnownFileType = sourcecode.c.h; path = TASectionsViewController.h; sourceTree = "<group>"; };
		E63B8EB916DC2812007F3FE9 /* TASectionsViewController.m */ = {isa = PBXFileReference; fileEncoding = 4; lastKnownFileType = sourcecode.c.objc; path = TASectionsViewController.m; sourceTree = "<group>"; };
		E653A91416E96FD30062C7CB /* TAStudentDetailCell.h */ = {isa = PBXFileReference; fileEncoding = 4; lastKnownFileType = sourcecode.c.h; path = TAStudentDetailCell.h; sourceTree = "<group>"; };
		E653A91516E96FD30062C7CB /* TAStudentDetailCell.m */ = {isa = PBXFileReference; fileEncoding = 4; lastKnownFileType = sourcecode.c.objc; path = TAStudentDetailCell.m; sourceTree = "<group>"; };
		E654DB32170A37CE00584411 /* delete_button.png */ = {isa = PBXFileReference; lastKnownFileType = image.png; name = delete_button.png; path = Images/delete_button.png; sourceTree = "<group>"; };
		E654DB34170A3C8C00584411 /* UIView+FrameSettingAdditions.h */ = {isa = PBXFileReference; fileEncoding = 4; lastKnownFileType = sourcecode.objj; path = "UIView+FrameSettingAdditions.h"; sourceTree = "<group>"; };
		E654DB35170A3C8C00584411 /* UIView+FrameSettingAdditions.m */ = {isa = PBXFileReference; fileEncoding = 4; lastKnownFileType = sourcecode.c.objc; path = "UIView+FrameSettingAdditions.m"; sourceTree = "<group>"; };
		E654DB41170A5C3200584411 /* seat.jpg */ = {isa = PBXFileReference; lastKnownFileType = image.jpeg; name = seat.jpg; path = Images/seat.jpg; sourceTree = "<group>"; };
		E6804DF616CDCD3F000E2007 /* TAStudentEditViewController.h */ = {isa = PBXFileReference; fileEncoding = 4; lastKnownFileType = sourcecode.c.h; path = TAStudentEditViewController.h; sourceTree = "<group>"; };
		E6804DF716CDCD3F000E2007 /* TAStudentEditViewController.m */ = {isa = PBXFileReference; fileEncoding = 4; lastKnownFileType = sourcecode.c.objc; path = TAStudentEditViewController.m; sourceTree = "<group>"; };
		E6BCE00D16EE78E100C7B904 /* TAAttendanceRecordEditViewController.h */ = {isa = PBXFileReference; fileEncoding = 4; lastKnownFileType = sourcecode.objj; path = TAAttendanceRecordEditViewController.h; sourceTree = "<group>"; };
		E6BCE00E16EE78E100C7B904 /* TAAttendanceRecordEditViewController.m */ = {isa = PBXFileReference; fileEncoding = 4; lastKnownFileType = sourcecode.c.objc; path = TAAttendanceRecordEditViewController.m; sourceTree = "<group>"; };
		E6E9EFCB16C059A7001D122E /* AttendanceRecord.h */ = {isa = PBXFileReference; fileEncoding = 4; lastKnownFileType = sourcecode.c.h; path = AttendanceRecord.h; sourceTree = "<group>"; };
		E6E9EFCC16C059A7001D122E /* AttendanceRecord.m */ = {isa = PBXFileReference; fileEncoding = 4; lastKnownFileType = sourcecode.c.objc; path = AttendanceRecord.m; sourceTree = "<group>"; };
		E6E9EFD116C059CD001D122E /* Seat.h */ = {isa = PBXFileReference; fileEncoding = 4; lastKnownFileType = sourcecode.c.h; path = Seat.h; sourceTree = "<group>"; };
		E6E9EFD216C059CD001D122E /* Seat.m */ = {isa = PBXFileReference; fileEncoding = 4; lastKnownFileType = sourcecode.c.objc; path = Seat.m; sourceTree = "<group>"; };
		E6E9EFD716C059EB001D122E /* StudentAttendance.h */ = {isa = PBXFileReference; fileEncoding = 4; lastKnownFileType = sourcecode.c.h; path = StudentAttendance.h; sourceTree = "<group>"; };
		E6E9EFD816C059EB001D122E /* StudentAttendance.m */ = {isa = PBXFileReference; fileEncoding = 4; lastKnownFileType = sourcecode.c.objc; path = StudentAttendance.m; sourceTree = "<group>"; };
		E6E9EFDA16C05BAE001D122E /* Student.h */ = {isa = PBXFileReference; fileEncoding = 4; lastKnownFileType = sourcecode.c.h; path = Student.h; sourceTree = "<group>"; };
		E6E9EFDB16C05BAE001D122E /* Student.m */ = {isa = PBXFileReference; fileEncoding = 4; lastKnownFileType = sourcecode.c.objc; path = Student.m; sourceTree = "<group>"; };
		E6EC1E5216C05EB3007E8FCF /* Section.h */ = {isa = PBXFileReference; fileEncoding = 4; lastKnownFileType = sourcecode.c.h; path = Section.h; sourceTree = "<group>"; };
		E6EC1E5316C05EB3007E8FCF /* Section.m */ = {isa = PBXFileReference; fileEncoding = 4; lastKnownFileType = sourcecode.c.objc; path = Section.m; sourceTree = "<group>"; };
		E6EC1E5516C05EDB007E8FCF /* Room.h */ = {isa = PBXFileReference; fileEncoding = 4; lastKnownFileType = sourcecode.c.h; path = Room.h; sourceTree = "<group>"; };
		E6EC1E5616C05EDB007E8FCF /* Room.m */ = {isa = PBXFileReference; fileEncoding = 4; lastKnownFileType = sourcecode.c.objc; path = Room.m; sourceTree = "<group>"; };
		E6ECA87016BB4CFF00F103D3 /* CoreData.framework */ = {isa = PBXFileReference; lastKnownFileType = wrapper.framework; name = CoreData.framework; path = System/Library/Frameworks/CoreData.framework; sourceTree = SDKROOT; };
		E6ECA87516BB4DC000F103D3 /* MobileTA.xcdatamodel */ = {isa = PBXFileReference; lastKnownFileType = wrapper.xcdatamodel; path = MobileTA.xcdatamodel; sourceTree = "<group>"; };
		E6ECA87B16BB566A00F103D3 /* TAStudentsViewController.h */ = {isa = PBXFileReference; fileEncoding = 4; lastKnownFileType = sourcecode.objj; path = TAStudentsViewController.h; sourceTree = "<group>"; };
		E6ECA87C16BB566A00F103D3 /* TAStudentsViewController.m */ = {isa = PBXFileReference; fileEncoding = 4; lastKnownFileType = sourcecode.c.objc; path = TAStudentsViewController.m; sourceTree = "<group>"; };
		E6ECA88916BB5A3600F103D3 /* UIViewController+CoreDataAdditions.h */ = {isa = PBXFileReference; fileEncoding = 4; lastKnownFileType = sourcecode.objj; path = "UIViewController+CoreDataAdditions.h"; sourceTree = "<group>"; };
		E6ECA88A16BB5A3600F103D3 /* UIViewController+CoreDataAdditions.m */ = {isa = PBXFileReference; fileEncoding = 4; lastKnownFileType = sourcecode.c.objc; path = "UIViewController+CoreDataAdditions.m"; sourceTree = "<group>"; };
		E6F1A53D171375A200DD781D /* TASeatingChartAttendanceViewController.h */ = {isa = PBXFileReference; fileEncoding = 4; lastKnownFileType = sourcecode.c.h; path = TASeatingChartAttendanceViewController.h; sourceTree = "<group>"; };
		E6F1A53E171375A200DD781D /* TASeatingChartAttendanceViewController.m */ = {isa = PBXFileReference; fileEncoding = 4; lastKnownFileType = sourcecode.c.objc; path = TASeatingChartAttendanceViewController.m; sourceTree = "<group>"; };
/* End PBXFileReference section */

/* Begin PBXFrameworksBuildPhase section */
		13345E5016B7736100DD4FF2 /* Frameworks */ = {
			isa = PBXFrameworksBuildPhase;
			buildActionMask = 2147483647;
			files = (
				E6298DBF17010F5700862316 /* QuartzCore.framework in Frameworks */,
				13A30EAE16CEEF5D00AE03E5 /* libJTRevealSidebar.a in Frameworks */,
				13A30EAF16CEEF5D00AE03E5 /* libJTRevealSidebarV2.a in Frameworks */,
				135116E216CDC24000D7376E /* libQuickDialog.a in Frameworks */,
				1324064917178CFB00F247C0 /* MessageUI.framework in Frameworks */,
				135116E616CDC38A00D7376E /* MapKit.framework in Frameworks */,
				135116E416CDC36400D7376E /* CoreLocation.framework in Frameworks */,
				E6ECA87216BB4D1900F103D3 /* CoreData.framework in Frameworks */,
				13345E5816B7736100DD4FF2 /* UIKit.framework in Frameworks */,
				13345E5A16B7736100DD4FF2 /* Foundation.framework in Frameworks */,
				13345E5C16B7736100DD4FF2 /* CoreGraphics.framework in Frameworks */,
			);
			runOnlyForDeploymentPostprocessing = 0;
		};
		135F11F316D7124F009C310A /* Frameworks */ = {
			isa = PBXFrameworksBuildPhase;
			buildActionMask = 2147483647;
			files = (
				135F124116D740F5009C310A /* libQuickDialog.a in Frameworks */,
				135F122716D72131009C310A /* CoreLocation.framework in Frameworks */,
				135F122616D7212B009C310A /* MapKit.framework in Frameworks */,
				135F121516D712DB009C310A /* GHUnitIOS.framework in Frameworks */,
				135F121716D7137C009C310A /* QuartzCore.framework in Frameworks */,
				135F123916D72D56009C310A /* CoreData.framework in Frameworks */,
				135F11F716D7124F009C310A /* UIKit.framework in Frameworks */,
				135F11F816D7124F009C310A /* Foundation.framework in Frameworks */,
				135F11F916D7124F009C310A /* CoreGraphics.framework in Frameworks */,
			);
			runOnlyForDeploymentPostprocessing = 0;
		};
/* End PBXFrameworksBuildPhase section */

/* Begin PBXGroup section */
		1322E27816BA1C2B00C890B4 /* Classes */ = {
			isa = PBXGroup;
			children = (
				E6ECA87A16BB563800F103D3 /* Views */,
				E6ECA87916BB562600F103D3 /* Controllers */,
				E6ECA87816BB55F400F103D3 /* Models */,
			);
			name = Classes;
			sourceTree = "<group>";
		};
		1322E27C16BA24E500C890B4 /* Images */ = {
			isa = PBXGroup;
			children = (
				400FDFFB171385DE0072CFDD /* Default-Landscape@2x~ipad.png */,
				400FDFF9171385BD0072CFDD /* Default-Landscape~ipad.png */,
				400FDFF71713856C0072CFDD /* Default-Portrait@2x~ipad.png */,
				400FDFF51713851B0072CFDD /* Default-Portrait~ipad.png */,
				E654DB41170A5C3200584411 /* seat.jpg */,
				E654DB32170A37CE00584411 /* delete_button.png */,
				13BA038C16D4B8AD0004C698 /* blackboard.jpg */,
				13BA038D16D4B8AD0004C698 /* logo.png */,
				13E344F217135F0300ECF8AB /* icon-ipad.png */,
				13E344F317135F0300ECF8AB /* icon-ipad@2x.png */,
			);
			name = Images;
			sourceTree = "<group>";
		};
		13345E4816B7736100DD4FF2 = {
			isa = PBXGroup;
			children = (
				13345E5D16B7736100DD4FF2 /* MobileTA */,
				135F11FA16D7124F009C310A /* Tests */,
				13345E5616B7736100DD4FF2 /* Frameworks */,
				13345E5416B7736100DD4FF2 /* Products */,
			);
			sourceTree = "<group>";
		};
		13345E5416B7736100DD4FF2 /* Products */ = {
			isa = PBXGroup;
			children = (
				13345E5316B7736100DD4FF2 /* MobileTA.app */,
				135F11F616D7124F009C310A /* Tests.app */,
			);
			name = Products;
			sourceTree = "<group>";
		};
		13345E5616B7736100DD4FF2 /* Frameworks */ = {
			isa = PBXGroup;
			children = (
				135F121416D712DB009C310A /* GHUnitIOS.framework */,
				135F121616D7137C009C310A /* QuartzCore.framework */,
				1324064817178CFB00F247C0 /* MessageUI.framework */,
				135116E516CDC38A00D7376E /* MapKit.framework */,
				135116E316CDC36400D7376E /* CoreLocation.framework */,
				E6ECA87016BB4CFF00F103D3 /* CoreData.framework */,
				13345E5716B7736100DD4FF2 /* UIKit.framework */,
				13345E5916B7736100DD4FF2 /* Foundation.framework */,
				13345E5B16B7736100DD4FF2 /* CoreGraphics.framework */,
			);
			name = Frameworks;
			sourceTree = "<group>";
		};
		13345E5D16B7736100DD4FF2 /* MobileTA */ = {
			isa = PBXGroup;
			children = (
				1322E27816BA1C2B00C890B4 /* Classes */,
				E66DB7DF16C9ADB800B4AF30 /* Libraries */,
				1322E27C16BA24E500C890B4 /* Images */,
				13FFBD5716E96FD7001BB929 /* Mocks */,
				13345E6616B7736100DD4FF2 /* TAAppDelegate.h */,
				13345E6716B7736100DD4FF2 /* TAAppDelegate.m */,
				13345E5E16B7736100DD4FF2 /* Supporting Files */,
			);
			path = MobileTA;
			sourceTree = "<group>";
		};
		13345E5E16B7736100DD4FF2 /* Supporting Files */ = {
			isa = PBXGroup;
			children = (
				13345E5F16B7736100DD4FF2 /* MobileTA-Info.plist */,
				13345E6016B7736100DD4FF2 /* InfoPlist.strings */,
				13345E6316B7736100DD4FF2 /* main.m */,
				13345E6516B7736100DD4FF2 /* MobileTA-Prefix.pch */,
				13345E6916B7736100DD4FF2 /* Default.png */,
				13345E6B16B7736100DD4FF2 /* Default@2x.png */,
				13345E6D16B7736100DD4FF2 /* Default-568h@2x.png */,
				E6ECA87416BB4DC000F103D3 /* MobileTA.xcdatamodeld */,
			);
			name = "Supporting Files";
			sourceTree = "<group>";
		};
		1341D73F17109AD0007B2D1D /* CHCSVParser */ = {
			isa = PBXGroup;
			children = (
				1341D74517109AEC007B2D1D /* CHCSVParser.h */,
				1341D74617109AEC007B2D1D /* CHCSVParser.m */,
			);
			name = CHCSVParser;
			sourceTree = "<group>";
		};
		135116D816CDC11E00D7376E /* Products */ = {
			isa = PBXGroup;
			children = (
				135116DD16CDC11E00D7376E /* QuickDialogExample.app */,
				135116DF16CDC11E00D7376E /* libQuickDialog.a */,
			);
			name = Products;
			sourceTree = "<group>";
		};
		135F11FA16D7124F009C310A /* Tests */ = {
			isa = PBXGroup;
			children = (
				13A44DD816DB242C0084D827 /* Models */,
				135F124816D74275009C310A /* Views */,
				13A44DE216DB33650084D827 /* TATestUtils.h */,
				13A44DE316DB33650084D827 /* TATestUtils.m */,
				135F11FB16D7124F009C310A /* Supporting Files */,
			);
			path = Tests;
			sourceTree = "<group>";
		};
		135F11FB16D7124F009C310A /* Supporting Files */ = {
			isa = PBXGroup;
			children = (
				135F11FC16D7124F009C310A /* Tests-Info.plist */,
				135F11FD16D7124F009C310A /* InfoPlist.strings */,
				135F120016D7124F009C310A /* main.m */,
				135F120216D7124F009C310A /* Tests-Prefix.pch */,
			);
			name = "Supporting Files";
			sourceTree = "<group>";
		};
		135F124816D74275009C310A /* Views */ = {
			isa = PBXGroup;
			children = (
				135F124916D74286009C310A /* TAWelcomeViewTest.m */,
				1316C2FA16D9E38900D282B1 /* TAStudentEditViewTest.m */,
				13A44DE616DB35870084D827 /* TAStudentsViewTest.m */,
				134A855716E98D610078E521 /* TASectionsViewTest.m */,
				130741C816EEC98C00465D86 /* TAAttendanceHistoryViewTest.m */,
				130741D316EED32E00465D86 /* TASectionEditViewTest.m */,
				130741DB16EED47A00465D86 /* TAAttendanceRecordEditViewTest.m */,
				130741DE16EED6C800465D86 /* TAStudentDetailCellTest.m */,
				13008FED170A90EB0045C05A /* TASeatingChartViewTest.m */,
				13008FF6170A98C80045C05A /* TAStudentDisplayCellTest.m */,
			);
			name = Views;
			sourceTree = "<group>";
		};
		13A30E9616CEEF4B00AE03E5 /* Products */ = {
			isa = PBXGroup;
			children = (
				13A30E9F16CEEF4B00AE03E5 /* libJTRevealSidebar.a */,
				13A30EA116CEEF4B00AE03E5 /* libJTRevealSidebarV2.a */,
				13A30EA316CEEF4B00AE03E5 /* JTRevealSidebarDemo.app */,
				13A30EA516CEEF4B00AE03E5 /* JTRevealSidebarDemoTests.octest */,
				13A30EA716CEEF4B00AE03E5 /* JTRevealSidebarDemoV2.app */,
				13A30EA916CEEF4B00AE03E5 /* JTRevealSidebarDemoV2Tests.octest */,
			);
			name = Products;
			sourceTree = "<group>";
		};
		13A44DD816DB242C0084D827 /* Models */ = {
			isa = PBXGroup;
			children = (
				13A44DDF16DB244E0084D827 /* StudentTest.m */,
			);
			name = Models;
			sourceTree = "<group>";
		};
		13FFBD5716E96FD7001BB929 /* Mocks */ = {
			isa = PBXGroup;
			children = (
				13FFBD5D16E96FEB001BB929 /* roster.csv */,
			);
			name = Mocks;
			sourceTree = "<group>";
		};
		E66DB7DF16C9ADB800B4AF30 /* Libraries */ = {
			isa = PBXGroup;
			children = (
				1341D73F17109AD0007B2D1D /* CHCSVParser */,
				13A30E9516CEEF4B00AE03E5 /* JTRevealSidebarDemo.xcodeproj */,
				135116D716CDC11E00D7376E /* QuickDialog.xcodeproj */,
			);
			name = Libraries;
			sourceTree = "<group>";
		};
		E6ECA87816BB55F400F103D3 /* Models */ = {
			isa = PBXGroup;
			children = (
				E6E9EFCB16C059A7001D122E /* AttendanceRecord.h */,
				E6E9EFCC16C059A7001D122E /* AttendanceRecord.m */,
				E6E9EFD116C059CD001D122E /* Seat.h */,
				E6E9EFD216C059CD001D122E /* Seat.m */,
				E6E9EFD716C059EB001D122E /* StudentAttendance.h */,
				E6E9EFD816C059EB001D122E /* StudentAttendance.m */,
				E6E9EFDA16C05BAE001D122E /* Student.h */,
				E6E9EFDB16C05BAE001D122E /* Student.m */,
				E6EC1E5216C05EB3007E8FCF /* Section.h */,
				E6EC1E5316C05EB3007E8FCF /* Section.m */,
				E6EC1E5516C05EDB007E8FCF /* Room.h */,
				E6EC1E5616C05EDB007E8FCF /* Room.m */,
				1346A2FD170D208D0016943A /* NSManagedObject+JSON.h */,
				1346A2FE170D208D0016943A /* NSManagedObject+JSON.m */,
			);
			name = Models;
			path = Classes/Models;
			sourceTree = "<group>";
		};
		E6ECA87916BB562600F103D3 /* Controllers */ = {
			isa = PBXGroup;
			children = (
				E6ECA87B16BB566A00F103D3 /* TAStudentsViewController.h */,
				E6ECA87C16BB566A00F103D3 /* TAStudentsViewController.m */,
				E6ECA88916BB5A3600F103D3 /* UIViewController+CoreDataAdditions.h */,
				E6ECA88A16BB5A3600F103D3 /* UIViewController+CoreDataAdditions.m */,
				E6804DF616CDCD3F000E2007 /* TAStudentEditViewController.h */,
				E6804DF716CDCD3F000E2007 /* TAStudentEditViewController.m */,
				9FBF84EF16E7F973000077D5 /* TASectionEditViewController.h */,
				9FBF84F016E7F973000077D5 /* TASectionEditViewController.m */,
				4044C2F316D2B36C00130AD6 /* TAWelcomeViewController.h */,
				4044C2F416D2B36C00130AD6 /* TAWelcomeViewController.m */,
				E63B8EB816DC2812007F3FE9 /* TASectionsViewController.h */,
				E63B8EB916DC2812007F3FE9 /* TASectionsViewController.m */,
				133AE68516E54F97008385C2 /* TASectionViewController.h */,
				133AE68616E54F97008385C2 /* TASectionViewController.m */,
				9FE67B5C16EE756500F98DCE /* TAAttendanceHistoryViewController.h */,
				9FE67B5D16EE756500F98DCE /* TAAttendanceHistoryViewController.m */,
				E6BCE00D16EE78E100C7B904 /* TAAttendanceRecordEditViewController.h */,
				E6BCE00E16EE78E100C7B904 /* TAAttendanceRecordEditViewController.m */,
				E6064D1C16F244A300BCF71B /* TASeatingChartViewController.h */,
				E6064D1D16F244A300BCF71B /* TASeatingChartViewController.m */,
				135F59B917029FB600734373 /* TANavigationController.h */,
				135F59BA17029FB600734373 /* TANavigationController.m */,
				9FB48F32170A420100E73D14 /* TAAssignSeatsViewController.h */,
				9FB48F33170A420100E73D14 /* TAAssignSeatsViewController.m */,
				13F2871C17114DD800562D5A /* TAStudentsAttendanceViewController.h */,
				13F2871D17114DD800562D5A /* TAStudentsAttendanceViewController.m */,
				E6F1A53D171375A200DD781D /* TASeatingChartAttendanceViewController.h */,
				E6F1A53E171375A200DD781D /* TASeatingChartAttendanceViewController.m */,
			);
			name = Controllers;
			path = Classes/Controllers;
			sourceTree = "<group>";
		};
		E6ECA87A16BB563800F103D3 /* Views */ = {
			isa = PBXGroup;
			children = (
				E654DB34170A3C8C00584411 /* UIView+FrameSettingAdditions.h */,
				E654DB35170A3C8C00584411 /* UIView+FrameSettingAdditions.m */,
				E653A91416E96FD30062C7CB /* TAStudentDetailCell.h */,
				E653A91516E96FD30062C7CB /* TAStudentDetailCell.m */,
				408E549D16EEAC0F00DB4F96 /* TAStudentDisplayCell.h */,
				408E549E16EEAC0F00DB4F96 /* TAStudentDisplayCell.m */,
				E6064D1316F2445D00BCF71B /* TASeatingChartView.h */,
				E6064D1416F2445D00BCF71B /* TASeatingChartView.m */,
				E6064D2016F2AA7F00BCF71B /* TASeatView.h */,
				E6064D2116F2AA7F00BCF71B /* TASeatView.m */,
				E6064D2416F2B04F00BCF71B /* TAGridConstants.h */,
			);
			name = Views;
			path = Classes/Views;
			sourceTree = "<group>";
		};
/* End PBXGroup section */

/* Begin PBXNativeTarget section */
		13345E5216B7736100DD4FF2 /* MobileTA */ = {
			isa = PBXNativeTarget;
			buildConfigurationList = 13345E9A16B7736100DD4FF2 /* Build configuration list for PBXNativeTarget "MobileTA" */;
			buildPhases = (
				13345E4F16B7736100DD4FF2 /* Sources */,
				13345E5016B7736100DD4FF2 /* Frameworks */,
				13345E5116B7736100DD4FF2 /* Resources */,
			);
			buildRules = (
			);
			dependencies = (
				13A30EAB16CEEF5600AE03E5 /* PBXTargetDependency */,
				13A30EAD16CEEF5600AE03E5 /* PBXTargetDependency */,
				135116E116CDC22700D7376E /* PBXTargetDependency */,
			);
			name = MobileTA;
			productName = MobileTA;
			productReference = 13345E5316B7736100DD4FF2 /* MobileTA.app */;
			productType = "com.apple.product-type.application";
		};
		135F11F516D7124F009C310A /* Tests */ = {
			isa = PBXNativeTarget;
			buildConfigurationList = 135F121316D7124F009C310A /* Build configuration list for PBXNativeTarget "Tests" */;
			buildPhases = (
				135F11F216D7124F009C310A /* Sources */,
				135F11F316D7124F009C310A /* Frameworks */,
				135F11F416D7124F009C310A /* Resources */,
				135F121B16D71D2E009C310A /* ShellScript */,
			);
			buildRules = (
			);
			dependencies = (
				135F122416D72111009C310A /* PBXTargetDependency */,
			);
			name = Tests;
			productName = Tests;
			productReference = 135F11F616D7124F009C310A /* Tests.app */;
			productType = "com.apple.product-type.application";
		};
/* End PBXNativeTarget section */

/* Begin PBXProject section */
		13345E4A16B7736100DD4FF2 /* Project object */ = {
			isa = PBXProject;
			attributes = {
				CLASSPREFIX = TA;
				LastUpgradeCheck = 0450;
				ORGANIZATIONNAME = "Steven Sheldon";
			};
			buildConfigurationList = 13345E4D16B7736100DD4FF2 /* Build configuration list for PBXProject "MobileTA" */;
			compatibilityVersion = "Xcode 3.2";
			developmentRegion = English;
			hasScannedForEncodings = 0;
			knownRegions = (
				en,
			);
			mainGroup = 13345E4816B7736100DD4FF2;
			productRefGroup = 13345E5416B7736100DD4FF2 /* Products */;
			projectDirPath = "";
			projectReferences = (
				{
					ProductGroup = 13A30E9616CEEF4B00AE03E5 /* Products */;
					ProjectRef = 13A30E9516CEEF4B00AE03E5 /* JTRevealSidebarDemo.xcodeproj */;
				},
				{
					ProductGroup = 135116D816CDC11E00D7376E /* Products */;
					ProjectRef = 135116D716CDC11E00D7376E /* QuickDialog.xcodeproj */;
				},
			);
			projectRoot = "";
			targets = (
				13345E5216B7736100DD4FF2 /* MobileTA */,
				135F11F516D7124F009C310A /* Tests */,
			);
		};
/* End PBXProject section */

/* Begin PBXReferenceProxy section */
		135116DD16CDC11E00D7376E /* QuickDialogExample.app */ = {
			isa = PBXReferenceProxy;
			fileType = wrapper.application;
			path = QuickDialogExample.app;
			remoteRef = 135116DC16CDC11E00D7376E /* PBXContainerItemProxy */;
			sourceTree = BUILT_PRODUCTS_DIR;
		};
		135116DF16CDC11E00D7376E /* libQuickDialog.a */ = {
			isa = PBXReferenceProxy;
			fileType = archive.ar;
			path = libQuickDialog.a;
			remoteRef = 135116DE16CDC11E00D7376E /* PBXContainerItemProxy */;
			sourceTree = BUILT_PRODUCTS_DIR;
		};
		13A30E9F16CEEF4B00AE03E5 /* libJTRevealSidebar.a */ = {
			isa = PBXReferenceProxy;
			fileType = archive.ar;
			path = libJTRevealSidebar.a;
			remoteRef = 13A30E9E16CEEF4B00AE03E5 /* PBXContainerItemProxy */;
			sourceTree = BUILT_PRODUCTS_DIR;
		};
		13A30EA116CEEF4B00AE03E5 /* libJTRevealSidebarV2.a */ = {
			isa = PBXReferenceProxy;
			fileType = archive.ar;
			path = libJTRevealSidebarV2.a;
			remoteRef = 13A30EA016CEEF4B00AE03E5 /* PBXContainerItemProxy */;
			sourceTree = BUILT_PRODUCTS_DIR;
		};
		13A30EA316CEEF4B00AE03E5 /* JTRevealSidebarDemo.app */ = {
			isa = PBXReferenceProxy;
			fileType = wrapper.application;
			path = JTRevealSidebarDemo.app;
			remoteRef = 13A30EA216CEEF4B00AE03E5 /* PBXContainerItemProxy */;
			sourceTree = BUILT_PRODUCTS_DIR;
		};
		13A30EA516CEEF4B00AE03E5 /* JTRevealSidebarDemoTests.octest */ = {
			isa = PBXReferenceProxy;
			fileType = wrapper.cfbundle;
			path = JTRevealSidebarDemoTests.octest;
			remoteRef = 13A30EA416CEEF4B00AE03E5 /* PBXContainerItemProxy */;
			sourceTree = BUILT_PRODUCTS_DIR;
		};
		13A30EA716CEEF4B00AE03E5 /* JTRevealSidebarDemoV2.app */ = {
			isa = PBXReferenceProxy;
			fileType = wrapper.application;
			path = JTRevealSidebarDemoV2.app;
			remoteRef = 13A30EA616CEEF4B00AE03E5 /* PBXContainerItemProxy */;
			sourceTree = BUILT_PRODUCTS_DIR;
		};
		13A30EA916CEEF4B00AE03E5 /* JTRevealSidebarDemoV2Tests.octest */ = {
			isa = PBXReferenceProxy;
			fileType = wrapper.cfbundle;
			path = JTRevealSidebarDemoV2Tests.octest;
			remoteRef = 13A30EA816CEEF4B00AE03E5 /* PBXContainerItemProxy */;
			sourceTree = BUILT_PRODUCTS_DIR;
		};
/* End PBXReferenceProxy section */

/* Begin PBXResourcesBuildPhase section */
		13345E5116B7736100DD4FF2 /* Resources */ = {
			isa = PBXResourcesBuildPhase;
			buildActionMask = 2147483647;
			files = (
				13345E6216B7736100DD4FF2 /* InfoPlist.strings in Resources */,
				13345E6A16B7736100DD4FF2 /* Default.png in Resources */,
				13345E6C16B7736100DD4FF2 /* Default@2x.png in Resources */,
				13345E6E16B7736100DD4FF2 /* Default-568h@2x.png in Resources */,
				13BA038E16D4B8AD0004C698 /* blackboard.jpg in Resources */,
				13BA038F16D4B8AD0004C698 /* logo.png in Resources */,
				13FFBD5E16E96FEB001BB929 /* roster.csv in Resources */,
				E654DB33170A37CE00584411 /* delete_button.png in Resources */,
				E654DB42170A5C3200584411 /* seat.jpg in Resources */,
				13E344F617135F0300ECF8AB /* icon-ipad.png in Resources */,
				13E344F717135F0300ECF8AB /* icon-ipad@2x.png in Resources */,
				400FDFF61713851B0072CFDD /* Default-Portrait~ipad.png in Resources */,
				400FDFF81713856C0072CFDD /* Default-Portrait@2x~ipad.png in Resources */,
				400FDFFA171385BD0072CFDD /* Default-Landscape~ipad.png in Resources */,
				400FDFFC171385DE0072CFDD /* Default-Landscape@2x~ipad.png in Resources */,
			);
			runOnlyForDeploymentPostprocessing = 0;
		};
		135F11F416D7124F009C310A /* Resources */ = {
			isa = PBXResourcesBuildPhase;
			buildActionMask = 2147483647;
			files = (
				135F11FF16D7124F009C310A /* InfoPlist.strings in Resources */,
				9F4070C116DC06F500CDC59F /* blackboard.jpg in Resources */,
				9F4070C716DC06F800CDC59F /* logo.png in Resources */,
				13FFBD6316E975C4001BB929 /* roster.csv in Resources */,
				13008FF4170A973B0045C05A /* seat.jpg in Resources */,
			);
			runOnlyForDeploymentPostprocessing = 0;
		};
/* End PBXResourcesBuildPhase section */

/* Begin PBXShellScriptBuildPhase section */
		135F121B16D71D2E009C310A /* ShellScript */ = {
			isa = PBXShellScriptBuildPhase;
			buildActionMask = 2147483647;
			files = (
			);
			inputPaths = (
			);
			outputPaths = (
			);
			runOnlyForDeploymentPostprocessing = 0;
			shellPath = /bin/sh;
			shellScript = $PROJECT_DIR/Scripts/PrepareUITests.sh;
		};
/* End PBXShellScriptBuildPhase section */

/* Begin PBXSourcesBuildPhase section */
		13345E4F16B7736100DD4FF2 /* Sources */ = {
			isa = PBXSourcesBuildPhase;
			buildActionMask = 2147483647;
			files = (
				13345E6416B7736100DD4FF2 /* main.m in Sources */,
				13345E6816B7736100DD4FF2 /* TAAppDelegate.m in Sources */,
				E6ECA87616BB4DC000F103D3 /* MobileTA.xcdatamodeld in Sources */,
				4044C2F516D2B36C00130AD6 /* TAWelcomeViewController.m in Sources */,
				E6ECA87E16BB566A00F103D3 /* TAStudentsViewController.m in Sources */,
				E6ECA88C16BB5A3600F103D3 /* UIViewController+CoreDataAdditions.m in Sources */,
				E6E9EFCD16C059A7001D122E /* AttendanceRecord.m in Sources */,
				E6E9EFD316C059CD001D122E /* Seat.m in Sources */,
				E6E9EFD916C059EB001D122E /* StudentAttendance.m in Sources */,
				E6E9EFDC16C05BAE001D122E /* Student.m in Sources */,
				E6EC1E5416C05EB3007E8FCF /* Section.m in Sources */,
				E6EC1E5716C05EDB007E8FCF /* Room.m in Sources */,
				E6804DF816CDCD3F000E2007 /* TAStudentEditViewController.m in Sources */,
				E63B8EBA16DC2812007F3FE9 /* TASectionsViewController.m in Sources */,
				133AE68716E54F97008385C2 /* TASectionViewController.m in Sources */,
				E653A91616E96FD30062C7CB /* TAStudentDetailCell.m in Sources */,
				9FBF84F116E7F973000077D5 /* TASectionEditViewController.m in Sources */,
				9FE67B5E16EE756500F98DCE /* TAAttendanceHistoryViewController.m in Sources */,
				E6BCE01016EE78E100C7B904 /* TAAttendanceRecordEditViewController.m in Sources */,
				408E549F16EEAC0F00DB4F96 /* TAStudentDisplayCell.m in Sources */,
				E6064D1616F2445D00BCF71B /* TASeatingChartView.m in Sources */,
				E6064D1F16F244A300BCF71B /* TASeatingChartViewController.m in Sources */,
				E6064D2316F2AA7F00BCF71B /* TASeatView.m in Sources */,
				135F59BB17029FB600734373 /* TANavigationController.m in Sources */,
				E654DB37170A3C8C00584411 /* UIView+FrameSettingAdditions.m in Sources */,
				9FB48F34170A420200E73D14 /* TAAssignSeatsViewController.m in Sources */,
				1346A2FF170D208D0016943A /* NSManagedObject+JSON.m in Sources */,
				1341D74717109AEC007B2D1D /* CHCSVParser.m in Sources */,
				13F2871E17114DD800562D5A /* TAStudentsAttendanceViewController.m in Sources */,
				E6F1A53F171375A200DD781D /* TASeatingChartAttendanceViewController.m in Sources */,
			);
			runOnlyForDeploymentPostprocessing = 0;
		};
		135F11F216D7124F009C310A /* Sources */ = {
			isa = PBXSourcesBuildPhase;
			buildActionMask = 2147483647;
			files = (
				9FC025B216E0471F00C1CBA6 /* TASectionsViewController.m in Sources */,
				135F120116D7124F009C310A /* main.m in Sources */,
				135F122E16D72BB0009C310A /* TAWelcomeViewController.m in Sources */,
				135F122F16D72BC0009C310A /* TAStudentsViewController.m in Sources */,
				135F123016D72C12009C310A /* UIViewController+CoreDataAdditions.m in Sources */,
				135F123116D72C18009C310A /* TAStudentEditViewController.m in Sources */,
				135F123216D72D07009C310A /* AttendanceRecord.m in Sources */,
				135F123416D72D0D009C310A /* StudentAttendance.m in Sources */,
				135F124316D74131009C310A /* Seat.m in Sources */,
				135F124416D74139009C310A /* Student.m in Sources */,
				135F124616D7413E009C310A /* Room.m in Sources */,
				135F124716D74151009C310A /* Section.m in Sources */,
				135F124A16D74286009C310A /* TAWelcomeViewTest.m in Sources */,
				1316C2FB16D9E38900D282B1 /* TAStudentEditViewTest.m in Sources */,
				13A44DE016DB244E0084D827 /* StudentTest.m in Sources */,
				13A44DE116DB2E0A0084D827 /* MobileTA.xcdatamodeld in Sources */,
				13A44DE416DB33650084D827 /* TATestUtils.m in Sources */,
				13A44DE716DB35870084D827 /* TAStudentsViewTest.m in Sources */,
				133AE69116E561AB008385C2 /* TASectionViewController.m in Sources */,
				134A855016E98AEB0078E521 /* TAStudentDetailCell.m in Sources */,
				134A855816E98D610078E521 /* TASectionsViewTest.m in Sources */,
				134A856416E994510078E521 /* TASectionEditViewController.m in Sources */,
				408E54A016EEAC0F00DB4F96 /* TAStudentDisplayCell.m in Sources */,
				130741C016EEC8A300465D86 /* TAAttendanceHistoryViewController.m in Sources */,
				130741C616EEC8A600465D86 /* TAAttendanceRecordEditViewController.m in Sources */,
				130741C916EEC98C00465D86 /* TAAttendanceHistoryViewTest.m in Sources */,
				130741D416EED32E00465D86 /* TASectionEditViewTest.m in Sources */,
				130741DC16EED47A00465D86 /* TAAttendanceRecordEditViewTest.m in Sources */,
				130741DF16EED6C800465D86 /* TAStudentDetailCellTest.m in Sources */,
				13008FDF170A8D830045C05A /* UIView+FrameSettingAdditions.m in Sources */,
				13008FE5170A8E560045C05A /* TASeatingChartViewController.m in Sources */,
				13008FE6170A8E5B0045C05A /* TANavigationController.m in Sources */,
				13008FE7170A8E610045C05A /* TAAssignSeatsViewController.m in Sources */,
				13008FE8170A8E8C0045C05A /* TASeatingChartView.m in Sources */,
				13008FE9170A8E8E0045C05A /* TASeatView.m in Sources */,
				13008FEE170A90EB0045C05A /* TASeatingChartViewTest.m in Sources */,
				13008FF7170A98C80045C05A /* TAStudentDisplayCellTest.m in Sources */,
				13F9F7DE170D4BC900689C16 /* NSManagedObject+JSON.m in Sources */,
				1341D74817109AEC007B2D1D /* CHCSVParser.m in Sources */,
				13F287281711716500562D5A /* TAStudentsAttendanceViewController.m in Sources */,
			);
			runOnlyForDeploymentPostprocessing = 0;
		};
/* End PBXSourcesBuildPhase section */

/* Begin PBXTargetDependency section */
		135116E116CDC22700D7376E /* PBXTargetDependency */ = {
			isa = PBXTargetDependency;
			name = QuickDialog;
			targetProxy = 135116E016CDC22700D7376E /* PBXContainerItemProxy */;
		};
		135F122416D72111009C310A /* PBXTargetDependency */ = {
			isa = PBXTargetDependency;
			name = QuickDialog;
			targetProxy = 135F122316D72111009C310A /* PBXContainerItemProxy */;
		};
		13A30EAB16CEEF5600AE03E5 /* PBXTargetDependency */ = {
			isa = PBXTargetDependency;
			name = JTRevealSidebar;
			targetProxy = 13A30EAA16CEEF5600AE03E5 /* PBXContainerItemProxy */;
		};
		13A30EAD16CEEF5600AE03E5 /* PBXTargetDependency */ = {
			isa = PBXTargetDependency;
			name = JTRevealSidebarV2;
			targetProxy = 13A30EAC16CEEF5600AE03E5 /* PBXContainerItemProxy */;
		};
/* End PBXTargetDependency section */

/* Begin PBXVariantGroup section */
		13345E6016B7736100DD4FF2 /* InfoPlist.strings */ = {
			isa = PBXVariantGroup;
			children = (
				13345E6116B7736100DD4FF2 /* en */,
			);
			name = InfoPlist.strings;
			sourceTree = "<group>";
		};
		135F11FD16D7124F009C310A /* InfoPlist.strings */ = {
			isa = PBXVariantGroup;
			children = (
				135F11FE16D7124F009C310A /* en */,
			);
			name = InfoPlist.strings;
			sourceTree = "<group>";
		};
/* End PBXVariantGroup section */

/* Begin XCBuildConfiguration section */
		13345E9816B7736100DD4FF2 /* Debug */ = {
			isa = XCBuildConfiguration;
			buildSettings = {
				ALWAYS_SEARCH_USER_PATHS = NO;
				CLANG_CXX_LANGUAGE_STANDARD = "gnu++0x";
				CLANG_CXX_LIBRARY = "libc++";
				CLANG_ENABLE_OBJC_ARC = YES;
				CLANG_WARN_EMPTY_BODY = YES;
				CLANG_WARN__DUPLICATE_METHOD_MATCH = YES;
				"CODE_SIGN_IDENTITY[sdk=iphoneos*]" = "iPhone Developer";
				COPY_PHASE_STRIP = NO;
				GCC_C_LANGUAGE_STANDARD = gnu99;
				GCC_DYNAMIC_NO_PIC = NO;
				GCC_OPTIMIZATION_LEVEL = 0;
				GCC_PREPROCESSOR_DEFINITIONS = (
					"DEBUG=1",
					"$(inherited)",
				);
				GCC_SYMBOLS_PRIVATE_EXTERN = NO;
				GCC_WARN_ABOUT_RETURN_TYPE = YES;
				GCC_WARN_UNINITIALIZED_AUTOS = YES;
				GCC_WARN_UNUSED_VARIABLE = YES;
				IPHONEOS_DEPLOYMENT_TARGET = 5.0;
				ONLY_ACTIVE_ARCH = YES;
				SDKROOT = iphoneos;
				TARGETED_DEVICE_FAMILY = 2;
			};
			name = Debug;
		};
		13345E9916B7736100DD4FF2 /* Release */ = {
			isa = XCBuildConfiguration;
			buildSettings = {
				ALWAYS_SEARCH_USER_PATHS = NO;
				CLANG_CXX_LANGUAGE_STANDARD = "gnu++0x";
				CLANG_CXX_LIBRARY = "libc++";
				CLANG_ENABLE_OBJC_ARC = YES;
				CLANG_WARN_EMPTY_BODY = YES;
				CLANG_WARN__DUPLICATE_METHOD_MATCH = YES;
				"CODE_SIGN_IDENTITY[sdk=iphoneos*]" = "iPhone Developer";
				COPY_PHASE_STRIP = YES;
				GCC_C_LANGUAGE_STANDARD = gnu99;
				GCC_WARN_ABOUT_RETURN_TYPE = YES;
				GCC_WARN_UNINITIALIZED_AUTOS = YES;
				GCC_WARN_UNUSED_VARIABLE = YES;
				IPHONEOS_DEPLOYMENT_TARGET = 5.0;
				OTHER_CFLAGS = "-DNS_BLOCK_ASSERTIONS=1";
				SDKROOT = iphoneos;
				TARGETED_DEVICE_FAMILY = 2;
				VALIDATE_PRODUCT = YES;
			};
			name = Release;
		};
		13345E9B16B7736100DD4FF2 /* Debug */ = {
			isa = XCBuildConfiguration;
			buildSettings = {
				ALWAYS_SEARCH_USER_PATHS = YES;
				GCC_PRECOMPILE_PREFIX_HEADER = YES;
				GCC_PREFIX_HEADER = "MobileTA/MobileTA-Prefix.pch";
				INFOPLIST_FILE = "MobileTA/MobileTA-Info.plist";
				IPHONEOS_DEPLOYMENT_TARGET = 5.0;
				OTHER_LDFLAGS = (
					"-ObjC",
					"-all_load",
				);
				PRODUCT_NAME = "$(TARGET_NAME)";
				USER_HEADER_SEARCH_PATHS = "\"${PROJECT_DIR}/MobileTA/Libraries/QuickDialog\"/**";
				WRAPPER_EXTENSION = app;
			};
			name = Debug;
		};
		13345E9C16B7736100DD4FF2 /* Release */ = {
			isa = XCBuildConfiguration;
			buildSettings = {
				ALWAYS_SEARCH_USER_PATHS = YES;
				GCC_PRECOMPILE_PREFIX_HEADER = YES;
				GCC_PREFIX_HEADER = "MobileTA/MobileTA-Prefix.pch";
				INFOPLIST_FILE = "MobileTA/MobileTA-Info.plist";
				IPHONEOS_DEPLOYMENT_TARGET = 5.0;
				OTHER_LDFLAGS = (
					"-ObjC",
					"-all_load",
				);
				PRODUCT_NAME = "$(TARGET_NAME)";
				USER_HEADER_SEARCH_PATHS = "\"${PROJECT_DIR}/MobileTA/Libraries/QuickDialog\"/**";
				WRAPPER_EXTENSION = app;
			};
			name = Release;
		};
		135F120C16D7124F009C310A /* Debug */ = {
			isa = XCBuildConfiguration;
			buildSettings = {
				ALWAYS_SEARCH_USER_PATHS = YES;
				CLANG_WARN_CONSTANT_CONVERSION = YES;
				CLANG_WARN_ENUM_CONVERSION = YES;
				CLANG_WARN_INT_CONVERSION = YES;
				"CODE_SIGN_IDENTITY[sdk=iphoneos*]" = "iPhone Developer";
				FRAMEWORK_SEARCH_PATHS = (
					"$(inherited)",
					"\"$(SRCROOT)/MobileTA/Libraries\"",
				);
				GCC_GENERATE_TEST_COVERAGE_FILES = YES;
				GCC_INSTRUMENT_PROGRAM_FLOW_ARCS = YES;
				GCC_PRECOMPILE_PREFIX_HEADER = YES;
				GCC_PREFIX_HEADER = "Tests/Tests-Prefix.pch";
				INFOPLIST_FILE = "Tests/Tests-Info.plist";
				IPHONEOS_DEPLOYMENT_TARGET = 5.0;
				OTHER_LDFLAGS = (
					"-ObjC",
					"-all_load",
				);
				PRODUCT_NAME = "$(TARGET_NAME)";
				USER_HEADER_SEARCH_PATHS = "\"${PROJECT_DIR}/MobileTA/Libraries/QuickDialog\"/**";
				WRAPPER_EXTENSION = app;
			};
			name = Debug;
		};
		135F120D16D7124F009C310A /* Release */ = {
			isa = XCBuildConfiguration;
			buildSettings = {
				ALWAYS_SEARCH_USER_PATHS = YES;
				CLANG_WARN_CONSTANT_CONVERSION = YES;
				CLANG_WARN_ENUM_CONVERSION = YES;
				CLANG_WARN_INT_CONVERSION = YES;
				"CODE_SIGN_IDENTITY[sdk=iphoneos*]" = "iPhone Developer";
				FRAMEWORK_SEARCH_PATHS = (
					"$(inherited)",
					"\"$(SRCROOT)/MobileTA/Libraries\"",
				);
				GCC_GENERATE_TEST_COVERAGE_FILES = YES;
				GCC_INSTRUMENT_PROGRAM_FLOW_ARCS = YES;
				GCC_PRECOMPILE_PREFIX_HEADER = YES;
				GCC_PREFIX_HEADER = "Tests/Tests-Prefix.pch";
				INFOPLIST_FILE = "Tests/Tests-Info.plist";
				IPHONEOS_DEPLOYMENT_TARGET = 5.0;
				OTHER_LDFLAGS = (
					"-ObjC",
					"-all_load",
				);
				PRODUCT_NAME = "$(TARGET_NAME)";
				USER_HEADER_SEARCH_PATHS = "\"${PROJECT_DIR}/MobileTA/Libraries/QuickDialog\"/**";
				WRAPPER_EXTENSION = app;
			};
			name = Release;
		};
/* End XCBuildConfiguration section */

/* Begin XCConfigurationList section */
		13345E4D16B7736100DD4FF2 /* Build configuration list for PBXProject "MobileTA" */ = {
			isa = XCConfigurationList;
			buildConfigurations = (
				13345E9816B7736100DD4FF2 /* Debug */,
				13345E9916B7736100DD4FF2 /* Release */,
			);
			defaultConfigurationIsVisible = 0;
			defaultConfigurationName = Release;
		};
		13345E9A16B7736100DD4FF2 /* Build configuration list for PBXNativeTarget "MobileTA" */ = {
			isa = XCConfigurationList;
			buildConfigurations = (
				13345E9B16B7736100DD4FF2 /* Debug */,
				13345E9C16B7736100DD4FF2 /* Release */,
			);
			defaultConfigurationIsVisible = 0;
			defaultConfigurationName = Release;
		};
		135F121316D7124F009C310A /* Build configuration list for PBXNativeTarget "Tests" */ = {
			isa = XCConfigurationList;
			buildConfigurations = (
				135F120C16D7124F009C310A /* Debug */,
				135F120D16D7124F009C310A /* Release */,
			);
			defaultConfigurationIsVisible = 0;
			defaultConfigurationName = Release;
		};
/* End XCConfigurationList section */

/* Begin XCVersionGroup section */
		E6ECA87416BB4DC000F103D3 /* MobileTA.xcdatamodeld */ = {
			isa = XCVersionGroup;
			children = (
				E6ECA87516BB4DC000F103D3 /* MobileTA.xcdatamodel */,
			);
			currentVersion = E6ECA87516BB4DC000F103D3 /* MobileTA.xcdatamodel */;
			path = MobileTA.xcdatamodeld;
			sourceTree = "<group>";
			versionGroupType = wrapper.xcdatamodel;
		};
/* End XCVersionGroup section */
	};
	rootObject = 13345E4A16B7736100DD4FF2 /* Project object */;
}
